// !$*UTF8*$!
{
	archiveVersion = 1;
	classes = {
	};
	objectVersion = 46;
	objects = {

/* Begin PBXBuildFile section */
		182303FC1E82B26C000E2AE2 /* AppDelegate.swift in Sources */ = {isa = PBXBuildFile; fileRef = 182303FB1E82B26C000E2AE2 /* AppDelegate.swift */; };
		182304011E82B26C000E2AE2 /* Main.storyboard in Resources */ = {isa = PBXBuildFile; fileRef = 182303FF1E82B26C000E2AE2 /* Main.storyboard */; };
		182304031E82B26D000E2AE2 /* Assets.xcassets in Resources */ = {isa = PBXBuildFile; fileRef = 182304021E82B26D000E2AE2 /* Assets.xcassets */; };
		182304061E82B26D000E2AE2 /* LaunchScreen.storyboard in Resources */ = {isa = PBXBuildFile; fileRef = 182304041E82B26D000E2AE2 /* LaunchScreen.storyboard */; };
		182304111E82B26F000E2AE2 /* LocalNotificationTests.swift in Sources */ = {isa = PBXBuildFile; fileRef = 182304101E82B26F000E2AE2 /* LocalNotificationTests.swift */; };
		1823041C1E82B2B7000E2AE2 /* TodoTableTableViewController.swift in Sources */ = {isa = PBXBuildFile; fileRef = 1823041B1E82B2B7000E2AE2 /* TodoTableTableViewController.swift */; };
		1823041E1E82B321000E2AE2 /* TodoSchedulingViewController.swift in Sources */ = {isa = PBXBuildFile; fileRef = 1823041D1E82B321000E2AE2 /* TodoSchedulingViewController.swift */; };
		182304211E862B80000E2AE2 /* UserNotifications.framework in Frameworks */ = {isa = PBXBuildFile; fileRef = 182304201E862B80000E2AE2 /* UserNotifications.framework */; };
/* End PBXBuildFile section */

/* Begin PBXContainerItemProxy section */
		1823040D1E82B26F000E2AE2 /* PBXContainerItemProxy */ = {
			isa = PBXContainerItemProxy;
			containerPortal = 182303F01E82B26A000E2AE2 /* Project object */;
			proxyType = 1;
			remoteGlobalIDString = 182303F71E82B26B000E2AE2;
			remoteInfo = LocalNotification;
		};
/* End PBXContainerItemProxy section */

/* Begin PBXFileReference section */
		182303F81E82B26B000E2AE2 /* LocalNotification.app */ = {isa = PBXFileReference; explicitFileType = wrapper.application; includeInIndex = 0; path = LocalNotification.app; sourceTree = BUILT_PRODUCTS_DIR; };
		182303FB1E82B26C000E2AE2 /* AppDelegate.swift */ = {isa = PBXFileReference; lastKnownFileType = sourcecode.swift; path = AppDelegate.swift; sourceTree = "<group>"; };
		182304001E82B26C000E2AE2 /* Base */ = {isa = PBXFileReference; lastKnownFileType = file.storyboard; name = Base; path = Base.lproj/Main.storyboard; sourceTree = "<group>"; };
		182304021E82B26D000E2AE2 /* Assets.xcassets */ = {isa = PBXFileReference; lastKnownFileType = folder.assetcatalog; path = Assets.xcassets; sourceTree = "<group>"; };
		182304051E82B26D000E2AE2 /* Base */ = {isa = PBXFileReference; lastKnownFileType = file.storyboard; name = Base; path = Base.lproj/LaunchScreen.storyboard; sourceTree = "<group>"; };
		182304071E82B26D000E2AE2 /* Info.plist */ = {isa = PBXFileReference; lastKnownFileType = text.plist.xml; path = Info.plist; sourceTree = "<group>"; };
		1823040C1E82B26F000E2AE2 /* LocalNotificationTests.xctest */ = {isa = PBXFileReference; explicitFileType = wrapper.cfbundle; includeInIndex = 0; path = LocalNotificationTests.xctest; sourceTree = BUILT_PRODUCTS_DIR; };
		182304101E82B26F000E2AE2 /* LocalNotificationTests.swift */ = {isa = PBXFileReference; lastKnownFileType = sourcecode.swift; path = LocalNotificationTests.swift; sourceTree = "<group>"; };
		182304121E82B26F000E2AE2 /* Info.plist */ = {isa = PBXFileReference; lastKnownFileType = text.plist.xml; path = Info.plist; sourceTree = "<group>"; };
		1823041B1E82B2B7000E2AE2 /* TodoTableTableViewController.swift */ = {isa = PBXFileReference; fileEncoding = 4; lastKnownFileType = sourcecode.swift; path = TodoTableTableViewController.swift; sourceTree = "<group>"; };
		1823041D1E82B321000E2AE2 /* TodoSchedulingViewController.swift */ = {isa = PBXFileReference; fileEncoding = 4; lastKnownFileType = sourcecode.swift; path = TodoSchedulingViewController.swift; sourceTree = "<group>"; };
		182304201E862B80000E2AE2 /* UserNotifications.framework */ = {isa = PBXFileReference; lastKnownFileType = wrapper.framework; name = UserNotifications.framework; path = System/Library/Frameworks/UserNotifications.framework; sourceTree = SDKROOT; };
/* End PBXFileReference section */

/* Begin PBXFrameworksBuildPhase section */
		182303F51E82B26B000E2AE2 /* Frameworks */ = {
			isa = PBXFrameworksBuildPhase;
			buildActionMask = 2147483647;
			files = (
				182304211E862B80000E2AE2 /* UserNotifications.framework in Frameworks */,
			);
			runOnlyForDeploymentPostprocessing = 0;
		};
		182304091E82B26F000E2AE2 /* Frameworks */ = {
			isa = PBXFrameworksBuildPhase;
			buildActionMask = 2147483647;
			files = (
			);
			runOnlyForDeploymentPostprocessing = 0;
		};
/* End PBXFrameworksBuildPhase section */

/* Begin PBXGroup section */
		182303EF1E82B26A000E2AE2 = {
			isa = PBXGroup;
			children = (
				182303FA1E82B26C000E2AE2 /* LocalNotification */,
				1823040F1E82B26F000E2AE2 /* LocalNotificationTests */,
				182303F91E82B26B000E2AE2 /* Products */,
				1823041F1E862B80000E2AE2 /* Frameworks */,
			);
			sourceTree = "<group>";
		};
		182303F91E82B26B000E2AE2 /* Products */ = {
			isa = PBXGroup;
			children = (
				182303F81E82B26B000E2AE2 /* LocalNotification.app */,
				1823040C1E82B26F000E2AE2 /* LocalNotificationTests.xctest */,
			);
			name = Products;
			sourceTree = "<group>";
		};
		182303FA1E82B26C000E2AE2 /* LocalNotification */ = {
			isa = PBXGroup;
			children = (
				182303FB1E82B26C000E2AE2 /* AppDelegate.swift */,
				182303FF1E82B26C000E2AE2 /* Main.storyboard */,
				182304021E82B26D000E2AE2 /* Assets.xcassets */,
				182304041E82B26D000E2AE2 /* LaunchScreen.storyboard */,
				182304071E82B26D000E2AE2 /* Info.plist */,
				1823041B1E82B2B7000E2AE2 /* TodoTableTableViewController.swift */,
				1823041D1E82B321000E2AE2 /* TodoSchedulingViewController.swift */,
			);
			path = LocalNotification;
			sourceTree = "<group>";
		};
		1823040F1E82B26F000E2AE2 /* LocalNotificationTests */ = {
			isa = PBXGroup;
			children = (
				182304101E82B26F000E2AE2 /* LocalNotificationTests.swift */,
				182304121E82B26F000E2AE2 /* Info.plist */,
			);
			path = LocalNotificationTests;
			sourceTree = "<group>";
		};
		1823041F1E862B80000E2AE2 /* Frameworks */ = {
			isa = PBXGroup;
			children = (
				182304201E862B80000E2AE2 /* UserNotifications.framework */,
			);
			name = Frameworks;
			sourceTree = "<group>";
		};
/* End PBXGroup section */

/* Begin PBXNativeTarget section */
		182303F71E82B26B000E2AE2 /* LocalNotification */ = {
			isa = PBXNativeTarget;
			buildConfigurationList = 182304151E82B26F000E2AE2 /* Build configuration list for PBXNativeTarget "LocalNotification" */;
			buildPhases = (
				182303F41E82B26B000E2AE2 /* Sources */,
				182303F51E82B26B000E2AE2 /* Frameworks */,
				182303F61E82B26B000E2AE2 /* Resources */,
			);
			buildRules = (
			);
			dependencies = (
			);
			name = LocalNotification;
			productName = LocalNotification;
			productReference = 182303F81E82B26B000E2AE2 /* LocalNotification.app */;
			productType = "com.apple.product-type.application";
		};
		1823040B1E82B26F000E2AE2 /* LocalNotificationTests */ = {
			isa = PBXNativeTarget;
			buildConfigurationList = 182304181E82B26F000E2AE2 /* Build configuration list for PBXNativeTarget "LocalNotificationTests" */;
			buildPhases = (
				182304081E82B26F000E2AE2 /* Sources */,
				182304091E82B26F000E2AE2 /* Frameworks */,
				1823040A1E82B26F000E2AE2 /* Resources */,
			);
			buildRules = (
			);
			dependencies = (
				1823040E1E82B26F000E2AE2 /* PBXTargetDependency */,
			);
			name = LocalNotificationTests;
			productName = LocalNotificationTests;
			productReference = 1823040C1E82B26F000E2AE2 /* LocalNotificationTests.xctest */;
			productType = "com.apple.product-type.bundle.unit-test";
		};
/* End PBXNativeTarget section */

/* Begin PBXProject section */
		182303F01E82B26A000E2AE2 /* Project object */ = {
			isa = PBXProject;
			attributes = {
				LastSwiftUpdateCheck = 0820;
				LastUpgradeCheck = 0820;
				ORGANIZATIONNAME = RAjaY;
				TargetAttributes = {
					182303F71E82B26B000E2AE2 = {
						CreatedOnToolsVersion = 8.2.1;
						DevelopmentTeam = V8376SVNQE;
						ProvisioningStyle = Automatic;
					};
					1823040B1E82B26F000E2AE2 = {
						CreatedOnToolsVersion = 8.2.1;
						DevelopmentTeam = V8376SVNQE;
						ProvisioningStyle = Automatic;
						TestTargetID = 182303F71E82B26B000E2AE2;
					};
				};
			};
			buildConfigurationList = 182303F31E82B26A000E2AE2 /* Build configuration list for PBXProject "LocalNotification" */;
			compatibilityVersion = "Xcode 3.2";
			developmentRegion = English;
			hasScannedForEncodings = 0;
			knownRegions = (
				en,
				Base,
			);
			mainGroup = 182303EF1E82B26A000E2AE2;
			productRefGroup = 182303F91E82B26B000E2AE2 /* Products */;
			projectDirPath = "";
			projectRoot = "";
			targets = (
				182303F71E82B26B000E2AE2 /* LocalNotification */,
				1823040B1E82B26F000E2AE2 /* LocalNotificationTests */,
			);
		};
/* End PBXProject section */

/* Begin PBXResourcesBuildPhase section */
		182303F61E82B26B000E2AE2 /* Resources */ = {
			isa = PBXResourcesBuildPhase;
			buildActionMask = 2147483647;
			files = (
				182304061E82B26D000E2AE2 /* LaunchScreen.storyboard in Resources */,
				182304031E82B26D000E2AE2 /* Assets.xcassets in Resources */,
				182304011E82B26C000E2AE2 /* Main.storyboard in Resources */,
			);
			runOnlyForDeploymentPostprocessing = 0;
		};
		1823040A1E82B26F000E2AE2 /* Resources */ = {
			isa = PBXResourcesBuildPhase;
			buildActionMask = 2147483647;
			files = (
			);
			runOnlyForDeploymentPostprocessing = 0;
		};
/* End PBXResourcesBuildPhase section */

/* Begin PBXSourcesBuildPhase section */
		182303F41E82B26B000E2AE2 /* Sources */ = {
			isa = PBXSourcesBuildPhase;
			buildActionMask = 2147483647;
			files = (
				1823041E1E82B321000E2AE2 /* TodoSchedulingViewController.swift in Sources */,
				1823041C1E82B2B7000E2AE2 /* TodoTableTableViewController.swift in Sources */,
				182303FC1E82B26C000E2AE2 /* AppDelegate.swift in Sources */,
			);
			runOnlyForDeploymentPostprocessing = 0;
		};
		182304081E82B26F000E2AE2 /* Sources */ = {
			isa = PBXSourcesBuildPhase;
			buildActionMask = 2147483647;
			files = (
				182304111E82B26F000E2AE2 /* LocalNotificationTests.swift in Sources */,
			);
			runOnlyForDeploymentPostprocessing = 0;
		};
/* End PBXSourcesBuildPhase section */

/* Begin PBXTargetDependency section */
		1823040E1E82B26F000E2AE2 /* PBXTargetDependency */ = {
			isa = PBXTargetDependency;
			target = 182303F71E82B26B000E2AE2 /* LocalNotification */;
			targetProxy = 1823040D1E82B26F000E2AE2 /* PBXContainerItemProxy */;
		};
/* End PBXTargetDependency section */

/* Begin PBXVariantGroup section */
		182303FF1E82B26C000E2AE2 /* Main.storyboard */ = {
			isa = PBXVariantGroup;
			children = (
				182304001E82B26C000E2AE2 /* Base */,
			);
			name = Main.storyboard;
			sourceTree = "<group>";
		};
		182304041E82B26D000E2AE2 /* LaunchScreen.storyboard */ = {
			isa = PBXVariantGroup;
			children = (
				182304051E82B26D000E2AE2 /* Base */,
			);
			name = LaunchScreen.storyboard;
			sourceTree = "<group>";
		};
/* End PBXVariantGroup section */

/* Begin XCBuildConfiguration section */
		182304131E82B26F000E2AE2 /* Debug */ = {
			isa = XCBuildConfiguration;
			buildSettings = {
				ALWAYS_SEARCH_USER_PATHS = NO;
				CLANG_ANALYZER_NONNULL = YES;
				CLANG_CXX_LANGUAGE_STANDARD = "gnu++0x";
				CLANG_CXX_LIBRARY = "libc++";
				CLANG_ENABLE_MODULES = YES;
				CLANG_ENABLE_OBJC_ARC = YES;
				CLANG_WARN_BOOL_CONVERSION = YES;
				CLANG_WARN_CONSTANT_CONVERSION = YES;
				CLANG_WARN_DIRECT_OBJC_ISA_USAGE = YES_ERROR;
				CLANG_WARN_DOCUMENTATION_COMMENTS = YES;
				CLANG_WARN_EMPTY_BODY = YES;
				CLANG_WARN_ENUM_CONVERSION = YES;
				CLANG_WARN_INFINITE_RECURSION = YES;
				CLANG_WARN_INT_CONVERSION = YES;
				CLANG_WARN_OBJC_ROOT_CLASS = YES_ERROR;
				CLANG_WARN_SUSPICIOUS_MOVE = YES;
				CLANG_WARN_UNREACHABLE_CODE = YES;
				CLANG_WARN__DUPLICATE_METHOD_MATCH = YES;
				"CODE_SIGN_IDENTITY[sdk=iphoneos*]" = "iPhone Developer";
				COPY_PHASE_STRIP = NO;
				DEBUG_INFORMATION_FORMAT = dwarf;
				ENABLE_STRICT_OBJC_MSGSEND = YES;
				ENABLE_TESTABILITY = YES;
				GCC_C_LANGUAGE_STANDARD = gnu99;
				GCC_DYNAMIC_NO_PIC = NO;
				GCC_NO_COMMON_BLOCKS = YES;
				GCC_OPTIMIZATION_LEVEL = 0;
				GCC_PREPROCESSOR_DEFINITIONS = (
					"DEBUG=1",
					"$(inherited)",
				);
				GCC_WARN_64_TO_32_BIT_CONVERSION = YES;
				GCC_WARN_ABOUT_RETURN_TYPE = YES_ERROR;
				GCC_WARN_UNDECLARED_SELECTOR = YES;
				GCC_WARN_UNINITIALIZED_AUTOS = YES_AGGRESSIVE;
				GCC_WARN_UNUSED_FUNCTION = YES;
				GCC_WARN_UNUSED_VARIABLE = YES;
				IPHONEOS_DEPLOYMENT_TARGET = 10.2;
				MTL_ENABLE_DEBUG_INFO = YES;
				ONLY_ACTIVE_ARCH = YES;
				SDKROOT = iphoneos;
				SWIFT_ACTIVE_COMPILATION_CONDITIONS = DEBUG;
				SWIFT_OPTIMIZATION_LEVEL = "-Onone";
			};
			name = Debug;
		};
		182304141E82B26F000E2AE2 /* Release */ = {
			isa = XCBuildConfiguration;
			buildSettings = {
				ALWAYS_SEARCH_USER_PATHS = NO;
				CLANG_ANALYZER_NONNULL = YES;
				CLANG_CXX_LANGUAGE_STANDARD = "gnu++0x";
				CLANG_CXX_LIBRARY = "libc++";
				CLANG_ENABLE_MODULES = YES;
				CLANG_ENABLE_OBJC_ARC = YES;
				CLANG_WARN_BOOL_CONVERSION = YES;
				CLANG_WARN_CONSTANT_CONVERSION = YES;
				CLANG_WARN_DIRECT_OBJC_ISA_USAGE = YES_ERROR;
				CLANG_WARN_DOCUMENTATION_COMMENTS = YES;
				CLANG_WARN_EMPTY_BODY = YES;
				CLANG_WARN_ENUM_CONVERSION = YES;
				CLANG_WARN_INFINITE_RECURSION = YES;
				CLANG_WARN_INT_CONVERSION = YES;
				CLANG_WARN_OBJC_ROOT_CLASS = YES_ERROR;
				CLANG_WARN_SUSPICIOUS_MOVE = YES;
				CLANG_WARN_UNREACHABLE_CODE = YES;
				CLANG_WARN__DUPLICATE_METHOD_MATCH = YES;
				"CODE_SIGN_IDENTITY[sdk=iphoneos*]" = "iPhone Developer";
				COPY_PHASE_STRIP = NO;
				DEBUG_INFORMATION_FORMAT = "dwarf-with-dsym";
				ENABLE_NS_ASSERTIONS = NO;
				ENABLE_STRICT_OBJC_MSGSEND = YES;
				GCC_C_LANGUAGE_STANDARD = gnu99;
				GCC_NO_COMMON_BLOCKS = YES;
				GCC_WARN_64_TO_32_BIT_CONVERSION = YES;
				GCC_WARN_ABOUT_RETURN_TYPE = YES_ERROR;
				GCC_WARN_UNDECLARED_SELECTOR = YES;
				GCC_WARN_UNINITIALIZED_AUTOS = YES_AGGRESSIVE;
				GCC_WARN_UNUSED_FUNCTION = YES;
				GCC_WARN_UNUSED_VARIABLE = YES;
				IPHONEOS_DEPLOYMENT_TARGET = 10.2;
				MTL_ENABLE_DEBUG_INFO = NO;
				SDKROOT = iphoneos;
				SWIFT_OPTIMIZATION_LEVEL = "-Owholemodule";
				VALIDATE_PRODUCT = YES;
			};
			name = Release;
		};
		182304161E82B26F000E2AE2 /* Debug */ = {
			isa = XCBuildConfiguration;
			buildSettings = {
				ASSETCATALOG_COMPILER_APPICON_NAME = AppIcon;
				DEVELOPMENT_TEAM = V8376SVNQE;
				INFOPLIST_FILE = LocalNotification/Info.plist;
				LD_RUNPATH_SEARCH_PATHS = "$(inherited) @executable_path/Frameworks";
				PRODUCT_BUNDLE_IDENTIFIER = in.RAjaY.LocalNotification;
				PRODUCT_NAME = "$(TARGET_NAME)";
				SWIFT_VERSION = 3.0;
			};
			name = Debug;
		};
		182304171E82B26F000E2AE2 /* Release */ = {
			isa = XCBuildConfiguration;
			buildSettings = {
				ASSETCATALOG_COMPILER_APPICON_NAME = AppIcon;
				DEVELOPMENT_TEAM = V8376SVNQE;
				INFOPLIST_FILE = LocalNotification/Info.plist;
				LD_RUNPATH_SEARCH_PATHS = "$(inherited) @executable_path/Frameworks";
				PRODUCT_BUNDLE_IDENTIFIER = in.RAjaY.LocalNotification;
				PRODUCT_NAME = "$(TARGET_NAME)";
				SWIFT_VERSION = 3.0;
			};
			name = Release;
		};
		182304191E82B26F000E2AE2 /* Debug */ = {
			isa = XCBuildConfiguration;
			buildSettings = {
				ALWAYS_EMBED_SWIFT_STANDARD_LIBRARIES = YES;
				BUNDLE_LOADER = "$(TEST_HOST)";
				DEVELOPMENT_TEAM = V8376SVNQE;
				INFOPLIST_FILE = LocalNotificationTests/Info.plist;
				LD_RUNPATH_SEARCH_PATHS = "$(inherited) @executable_path/Frameworks @loader_path/Frameworks";
				PRODUCT_BUNDLE_IDENTIFIER = in.RAjaY.LocalNotificationTests;
				PRODUCT_NAME = "$(TARGET_NAME)";
				SWIFT_VERSION = 3.0;
				TEST_HOST = "$(BUILT_PRODUCTS_DIR)/LocalNotification.app/LocalNotification";
			};
			name = Debug;
		};
		1823041A1E82B26F000E2AE2 /* Release */ = {
			isa = XCBuildConfiguration;
			buildSettings = {
				ALWAYS_EMBED_SWIFT_STANDARD_LIBRARIES = YES;
				BUNDLE_LOADER = "$(TEST_HOST)";
				DEVELOPMENT_TEAM = V8376SVNQE;
				INFOPLIST_FILE = LocalNotificationTests/Info.plist;
				LD_RUNPATH_SEARCH_PATHS = "$(inherited) @executable_path/Frameworks @loader_path/Frameworks";
				PRODUCT_BUNDLE_IDENTIFIER = in.RAjaY.LocalNotificationTests;
				PRODUCT_NAME = "$(TARGET_NAME)";
				SWIFT_VERSION = 3.0;
				TEST_HOST = "$(BUILT_PRODUCTS_DIR)/LocalNotification.app/LocalNotification";
			};
			name = Release;
		};
/* End XCBuildConfiguration section */

/* Begin XCConfigurationList section */
		182303F31E82B26A000E2AE2 /* Build configuration list for PBXProject "LocalNotification" */ = {
			isa = XCConfigurationList;
			buildConfigurations = (
				182304131E82B26F000E2AE2 /* Debug */,
				182304141E82B26F000E2AE2 /* Release */,
			);
			defaultConfigurationIsVisible = 0;
			defaultConfigurationName = Release;
		};
		182304151E82B26F000E2AE2 /* Build configuration list for PBXNativeTarget "LocalNotification" */ = {
			isa = XCConfigurationList;
			buildConfigurations = (
				182304161E82B26F000E2AE2 /* Debug */,
				182304171E82B26F000E2AE2 /* Release */,
			);
			defaultConfigurationIsVisible = 0;
		};
		182304181E82B26F000E2AE2 /* Build configuration list for PBXNativeTarget "LocalNotificationTests" */ = {
			isa = XCConfigurationList;
			buildConfigurations = (
				182304191E82B26F000E2AE2 /* Debug */,
				1823041A1E82B26F000E2AE2 /* Release */,
			);
			defaultConfigurationIsVisible = 0;
		};
/* End XCConfigurationList section */
	};
	rootObject = 182303F01E82B26A000E2AE2 /* Project object */;
}
